
Microsoft Visual Studio Solution File, Format Version 12.00
# Visual Studio Version 17
VisualStudioVersion = 17.0.32014.148
MinimumVisualStudioVersion = 10.0.40219.1
Project("{FAE04EC0-301F-11D3-BF4B-00C04F79EFBC}") = "Exercicio 22", "Exercicio 22\Exercicio 22.csproj", "{F3BD652C-EFD8-4600-8F87-F8FB60A69F95}"
EndProject
Global
	GlobalSection(SolutionConfigurationPlatforms) = preSolution
		Debug|Any CPU = Debug|Any CPU
		Release|Any CPU = Release|Any CPU
	EndGlobalSection
	GlobalSection(ProjectConfigurationPlatforms) = postSolution
		{F3BD652C-EFD8-4600-8F87-F8FB60A69F95}.Debug|Any CPU.ActiveCfg = Debug|Any CPU
		{F3BD652C-EFD8-4600-8F87-F8FB60A69F95}.Debug|Any CPU.Build.0 = Debug|Any CPU
		{F3BD652C-EFD8-4600-8F87-F8FB60A69F95}.Release|Any CPU.ActiveCfg = Release|Any CPU
		{F3BD652C-EFD8-4600-8F87-F8FB60A69F95}.Release|Any CPU.Build.0 = Release|Any CPU
	EndGlobalSection
	GlobalSection(SolutionProperties) = preSolution
		HideSolutionNode = FALSE
	EndGlobalSection
	GlobalSection(ExtensibilityGlobals) = postSolution
		SolutionGuid = {22731B13-CA1E-4469-A97E-DF005C204702}
	EndGlobalSection
EndGlobal
